<?xml version="1.0" encoding="utf-8"?>
<Project ToolsVersion="4.0" xmlns="http://schemas.microsoft.com/developer/msbuild/2003">
  <ItemGroup>
    <Filter Include="win32">
      <UniqueIdentifier>{84a8ebd7-7cf0-47f6-b75e-d441df67da40}</UniqueIdentifier>
    </Filter>
    <Filter Include="resource">
      <UniqueIdentifier>{715254bc-d70b-4ec5-bf29-467dd3ace079}</UniqueIdentifier>
    </Filter>
    <Filter Include="src">
      <UniqueIdentifier>{bb6c862e-70e9-49d9-81b7-3829a6f50471}</UniqueIdentifier>
    </Filter>
    <Filter Include="src\GameMain">
      <UniqueIdentifier>{7f7dd015-112f-4ca8-966f-07cadfe48b78}</UniqueIdentifier>
    </Filter>
    <Filter Include="src\GameMain\GameUi">
      <UniqueIdentifier>{2ca2233a-5c5e-4f10-b042-9539c34fa703}</UniqueIdentifier>
    </Filter>
    <Filter Include="src\GameMain\chara">
      <UniqueIdentifier>{43bd8228-7240-466c-8552-7d0785fbcef1}</UniqueIdentifier>
    </Filter>
    <Filter Include="src\GameMain\item">
      <UniqueIdentifier>{be828548-aef6-4b13-9cd7-3ae4ce9d490d}</UniqueIdentifier>
    </Filter>
    <Filter Include="src\GameMain\item\equip_item">
      <UniqueIdentifier>{fe61c6e6-b01c-4888-89d1-8dbf4e202c07}</UniqueIdentifier>
    </Filter>
    <Filter Include="src\GameMain\chara\abnormal_state">
      <UniqueIdentifier>{7b457853-fcfd-4c6d-a353-80b585fe280d}</UniqueIdentifier>
    </Filter>
    <Filter Include="src\GameMain\chara\chara_seed">
      <UniqueIdentifier>{b756a341-496c-41bf-ae69-145f4df6cd8c}</UniqueIdentifier>
    </Filter>
    <Filter Include="src\GameMain\chara\abnormal_state\default">
      <UniqueIdentifier>{5cef606c-5ff7-40d4-96d8-473ffb0b917c}</UniqueIdentifier>
    </Filter>
    <Filter Include="src\GameMain\chara\abnormal_state\sexual">
      <UniqueIdentifier>{05e0e520-fe98-482e-b095-5e35122dc785}</UniqueIdentifier>
    </Filter>
  </ItemGroup>
  <ItemGroup>
    <ClCompile Include="main.cpp">
      <Filter>win32</Filter>
    </ClCompile>
    <ClCompile Include="..\Classes\AppDelegate.cpp">
      <Filter>src</Filter>
    </ClCompile>
    <ClCompile Include="..\Classes\GameMain\GameMain.cpp">
      <Filter>src\GameMain</Filter>
    </ClCompile>
    <ClCompile Include="..\Classes\GameMain\GameUi\UiBase.cpp">
      <Filter>src\GameMain\GameUi</Filter>
    </ClCompile>
    <ClCompile Include="..\Classes\GameMain\GameUi\PlayUi.cpp">
      <Filter>src\GameMain\GameUi</Filter>
    </ClCompile>
    <ClCompile Include="..\Classes\ResourceManage.cpp">
      <Filter>src</Filter>
    </ClCompile>
    <ClCompile Include="..\Classes\GameMain\chara\CharaBase.cpp">
      <Filter>src\GameMain\chara</Filter>
    </ClCompile>
    <ClCompile Include="..\Classes\RenderObject.cpp">
      <Filter>src</Filter>
    </ClCompile>
    <ClCompile Include="..\Classes\GameMain\item\equip_item\EquipItem.cpp">
      <Filter>src\GameMain\item\equip_item</Filter>
    </ClCompile>
    <ClCompile Include="..\Classes\GameMain\item\ItemBase.cpp">
      <Filter>src\GameMain\item</Filter>
    </ClCompile>
    <ClCompile Include="..\Classes\GameMain\chara\chara_seed\SeedBase.cpp">
      <Filter>src\GameMain\chara\chara_seed</Filter>
    </ClCompile>
    <ClCompile Include="..\Classes\GameMain\chara\abnormal_state\StateBase.cpp">
      <Filter>src\GameMain\chara\abnormal_state</Filter>
    </ClCompile>
    <ClCompile Include="..\Classes\GameMain\chara\abnormal_state\StateList.cpp">
      <Filter>src\GameMain\chara\abnormal_state</Filter>
    </ClCompile>
    <ClCompile Include="..\Classes\GameMain\chara\abnormal_state\default\Poison.cpp">
      <Filter>src\GameMain\chara\abnormal_state\default</Filter>
    </ClCompile>
    <ClCompile Include="..\Classes\GameMain\chara\abnormal_state\StateAuto.cpp">
      <Filter>src\GameMain\chara\abnormal_state</Filter>
    </ClCompile>
  </ItemGroup>
  <ItemGroup>
    <ClInclude Include="main.h">
      <Filter>win32</Filter>
    </ClInclude>
    <ClInclude Include="..\Classes\AppDelegate.h">
      <Filter>src</Filter>
    </ClInclude>
    <ClInclude Include="..\Classes\GameMain\GameMain.h">
      <Filter>src\GameMain</Filter>
    </ClInclude>
    <ClInclude Include="..\Classes\GameMain\GameUi\UiBase.h">
      <Filter>src\GameMain\GameUi</Filter>
    </ClInclude>
    <ClInclude Include="..\Classes\GameMain\GameUi\PlayUi.h">
      <Filter>src\GameMain\GameUi</Filter>
    </ClInclude>
    <ClInclude Include="..\Classes\ResourceManage.h">
      <Filter>src</Filter>
    </ClInclude>
    <ClInclude Include="..\Classes\GameMain\chara\CharaBase.h">
      <Filter>src\GameMain\chara</Filter>
    </ClInclude>
    <ClInclude Include="..\Classes\RenderObject.h">
      <Filter>src</Filter>
    </ClInclude>
    <ClInclude Include="..\Classes\GameMain\chara\mainStateType.h">
      <Filter>src\GameMain\chara</Filter>
    </ClInclude>
    <ClInclude Include="..\Classes\GameMain\chara\equipType.h">
      <Filter>src\GameMain\chara</Filter>
    </ClInclude>
    <ClInclude Include="..\Classes\GameMain\item\equip_item\EquipItem.h">
      <Filter>src\GameMain\item\equip_item</Filter>
    </ClInclude>
    <ClInclude Include="..\Classes\GameMain\item\ItemBase.h">
      <Filter>src\GameMain\item</Filter>
    </ClInclude>
    <ClInclude Include="..\Classes\GameMain\chara\abnormal_state\abnormalStateType.h">
      <Filter>src\GameMain\chara\abnormal_state</Filter>
    </ClInclude>
    <ClInclude Include="..\Classes\GameMain\chara\chara_seed\SeedBase.h">
      <Filter>src\GameMain\chara\chara_seed</Filter>
    </ClInclude>
    <ClInclude Include="..\Classes\GameMain\chara\charaGroupList.h">
      <Filter>src\GameMain\chara</Filter>
    </ClInclude>
    <ClInclude Include="..\Classes\GameMain\chara\abnormal_state\StateBase.h">
      <Filter>src\GameMain\chara\abnormal_state</Filter>
    </ClInclude>
    <ClInclude Include="..\Classes\GameMain\chara\abnormal_state\StateList.h">
      <Filter>src\GameMain\chara\abnormal_state</Filter>
    </ClInclude>
    <ClInclude Include="..\Classes\GameMain\chara\abnormal_state\default\Poison.h">
      <Filter>src\GameMain\chara\abnormal_state\default</Filter>
    </ClInclude>
    <ClInclude Include="..\Classes\GameMain\chara\abnormal_state\StateAuto.h">
      <Filter>src\GameMain\chara\abnormal_state</Filter>
    </ClInclude>
  </ItemGroup>
  <ItemGroup>
    <ResourceCompile Include="game.rc">
      <Filter>resource</Filter>
    </ResourceCompile>
  </ItemGroup>
</Project>