<?xml version="1.0" encoding="utf-8"?>
<Project ToolsVersion="4.0" xmlns="http://schemas.microsoft.com/developer/msbuild/2003">
  <ItemGroup>
    <Filter Include="win32">
      <UniqueIdentifier>{84a8ebd7-7cf0-47f6-b75e-d441df67da40}</UniqueIdentifier>
    </Filter>
    <Filter Include="resource">
      <UniqueIdentifier>{715254bc-d70b-4ec5-bf29-467dd3ace079}</UniqueIdentifier>
    </Filter>
    <Filter Include="src">
      <UniqueIdentifier>{bb6c862e-70e9-49d9-81b7-3829a6f50471}</UniqueIdentifier>
    </Filter>
    <Filter Include="src\GameMain">
      <UniqueIdentifier>{7f7dd015-112f-4ca8-966f-07cadfe48b78}</UniqueIdentifier>
    </Filter>
    <Filter Include="src\GameMain\GameUi">
      <UniqueIdentifier>{2ca2233a-5c5e-4f10-b042-9539c34fa703}</UniqueIdentifier>
    </Filter>
    <Filter Include="src\GameMain\chara">
      <UniqueIdentifier>{43bd8228-7240-466c-8552-7d0785fbcef1}</UniqueIdentifier>
    </Filter>
    <Filter Include="src\GameMain\item">
      <UniqueIdentifier>{be828548-aef6-4b13-9cd7-3ae4ce9d490d}</UniqueIdentifier>
    </Filter>
    <Filter Include="src\GameMain\item\equip_item">
      <UniqueIdentifier>{fe61c6e6-b01c-4888-89d1-8dbf4e202c07}</UniqueIdentifier>
    </Filter>
    <Filter Include="src\GameMain\chara\abnormal_state">
      <UniqueIdentifier>{7b457853-fcfd-4c6d-a353-80b585fe280d}</UniqueIdentifier>
    </Filter>
    <Filter Include="src\GameMain\chara\chara_seed">
      <UniqueIdentifier>{b756a341-496c-41bf-ae69-145f4df6cd8c}</UniqueIdentifier>
    </Filter>
    <Filter Include="src\GameMain\chara\abnormal_state\default">
      <UniqueIdentifier>{5cef606c-5ff7-40d4-96d8-473ffb0b917c}</UniqueIdentifier>
    </Filter>
    <Filter Include="src\GameMain\chara\abnormal_state\sexual">
      <UniqueIdentifier>{05e0e520-fe98-482e-b095-5e35122dc785}</UniqueIdentifier>
    </Filter>
    <Filter Include="src\GameMain\item\equip_item\weapon">
      <UniqueIdentifier>{d9d797e1-2dcf-4713-84d1-b633943613c0}</UniqueIdentifier>
    </Filter>
    <Filter Include="src\GameMain\item\use_item">
      <UniqueIdentifier>{2edc028f-9278-4e71-a821-0769cd159157}</UniqueIdentifier>
    </Filter>
    <Filter Include="src\GameMain\shadow">
      <UniqueIdentifier>{9235a8d3-f027-4df7-adc4-ec48d8bdf79f}</UniqueIdentifier>
    </Filter>
    <Filter Include="src\GameMain\hit">
      <UniqueIdentifier>{13dc439b-3d01-4298-8925-c6787457ebfe}</UniqueIdentifier>
    </Filter>
    <Filter Include="src\GameMain\skill">
      <UniqueIdentifier>{748b55bf-e97b-417b-99fe-355187e10a1d}</UniqueIdentifier>
    </Filter>
    <Filter Include="src\GameMain\magic">
      <UniqueIdentifier>{c7d60872-d9e6-4b8e-a678-7b47a6b342fa}</UniqueIdentifier>
    </Filter>
    <Filter Include="src\GameMain\chara\chara_seed\human">
      <UniqueIdentifier>{e505ece0-5a80-4a0d-99b0-d087cc0b86c6}</UniqueIdentifier>
    </Filter>
    <Filter Include="src\GameMain\chara\chara_seed\human\human_part">
      <UniqueIdentifier>{20c87de0-fecd-4f74-961e-949ee13755ce}</UniqueIdentifier>
    </Filter>
    <Filter Include="src\Input">
      <UniqueIdentifier>{aef0d4f8-5883-4249-868d-7d2f697aa837}</UniqueIdentifier>
    </Filter>
    <Filter Include="src\GameMain\map">
      <UniqueIdentifier>{2382f89e-6a93-4fe6-abc8-ee96d08ee223}</UniqueIdentifier>
    </Filter>
    <Filter Include="src\GameMain\skill\weapon_skill">
      <UniqueIdentifier>{6019dc0f-70f4-4615-b698-68e6e152e206}</UniqueIdentifier>
    </Filter>
    <Filter Include="src\GameMain\skill\skill_type">
      <UniqueIdentifier>{74b4e731-b601-4c4a-ac8d-64073317efa1}</UniqueIdentifier>
    </Filter>
    <Filter Include="src\GameMain\skill\weapon_skill\no_weapon">
      <UniqueIdentifier>{fbc1bdc1-3305-4fb1-9e34-ce1be6a8b4ca}</UniqueIdentifier>
    </Filter>
    <Filter Include="src\GameMain\chara\chara_seed\test_puppet">
      <UniqueIdentifier>{a551a571-c94b-4339-aa50-33bf943bb858}</UniqueIdentifier>
    </Filter>
    <Filter Include="src\GameMain\item\use_item\hp_heal">
      <UniqueIdentifier>{ea6aeff0-5b73-43c2-8b00-64efd3da1499}</UniqueIdentifier>
    </Filter>
    <Filter Include="src\GameMain\skill\hp_heal">
      <UniqueIdentifier>{ae2fbd95-5916-4407-986c-02665413fe29}</UniqueIdentifier>
    </Filter>
    <Filter Include="src\GameMain\skill\magic">
      <UniqueIdentifier>{06ab24a6-fba6-4d35-8aed-0cb3ebfa4d80}</UniqueIdentifier>
    </Filter>
    <Filter Include="src\GameMain\skill\magic\normal">
      <UniqueIdentifier>{f6f9759a-7495-4e16-a925-6b3d27bcfa56}</UniqueIdentifier>
    </Filter>
    <Filter Include="src\GameMain\skill\magic\magic_type">
      <UniqueIdentifier>{17366c19-9052-4224-82a0-e22bbd69fdd9}</UniqueIdentifier>
    </Filter>
    <Filter Include="src\GameMain\magic\normal">
      <UniqueIdentifier>{cba13175-85cf-43e3-8237-70ccc41c5e35}</UniqueIdentifier>
    </Filter>
    <Filter Include="src\GameMain\item\equip_item\weapon\sword">
      <UniqueIdentifier>{f3e35ee0-7a19-4f3b-ad42-abf074efb19d}</UniqueIdentifier>
    </Filter>
    <Filter Include="src\GameMain\skill\weapon_skill\sword">
      <UniqueIdentifier>{8833d70f-2d6b-44cf-8761-8219342cf111}</UniqueIdentifier>
    </Filter>
    <Filter Include="src\GameMain\skill\weapon_skill\sword\SwordGale">
      <UniqueIdentifier>{4f999bea-990e-4eb0-bb9d-4ae58256a219}</UniqueIdentifier>
    </Filter>
    <Filter Include="src\GameMain\map\mini_map">
      <UniqueIdentifier>{1be6f31d-a432-46ac-ac7e-1b185527d234}</UniqueIdentifier>
    </Filter>
    <Filter Include="src\GameMain\map\mini_map\test_map">
      <UniqueIdentifier>{2cb7e850-134f-4a75-bce9-29ce39c603a6}</UniqueIdentifier>
    </Filter>
    <Filter Include="src\GameMain\map\map_ground_object">
      <UniqueIdentifier>{eceb8240-6ab0-4ddf-81a4-5afe823097d6}</UniqueIdentifier>
    </Filter>
    <Filter Include="src\GameMain\GameUi\ItemUi">
      <UniqueIdentifier>{a920d9fb-e79c-4aba-87bf-ba900ee11614}</UniqueIdentifier>
    </Filter>
    <Filter Include="src\GameMain\item\equip_item\weapon\sheath">
      <UniqueIdentifier>{69f6bfc0-ecaa-4d73-b32f-3e1d5c6a8264}</UniqueIdentifier>
    </Filter>
    <Filter Include="src\GameMain\magic\effect">
      <UniqueIdentifier>{c8ef199c-4345-495e-8dac-0b45a7a93561}</UniqueIdentifier>
    </Filter>
    <Filter Include="src\GameMain\magic\effect\slash">
      <UniqueIdentifier>{5efe3f00-c2aa-4cd1-b792-a3a434da993e}</UniqueIdentifier>
    </Filter>
    <Filter Include="src\GameMain\map\map_ground_object\map_bg_object">
      <UniqueIdentifier>{eb4b6f4e-708a-45f3-8961-a9742210ba8f}</UniqueIdentifier>
    </Filter>
  </ItemGroup>
  <ItemGroup>
    <ClCompile Include="main.cpp">
      <Filter>win32</Filter>
    </ClCompile>
    <ClCompile Include="..\Classes\AppDelegate.cpp">
      <Filter>src</Filter>
    </ClCompile>
    <ClCompile Include="..\Classes\GameMain\GameMain.cpp">
      <Filter>src\GameMain</Filter>
    </ClCompile>
    <ClCompile Include="..\Classes\GameMain\GameUi\UiBase.cpp">
      <Filter>src\GameMain\GameUi</Filter>
    </ClCompile>
    <ClCompile Include="..\Classes\GameMain\GameUi\PlayUi.cpp">
      <Filter>src\GameMain\GameUi</Filter>
    </ClCompile>
    <ClCompile Include="..\Classes\ResourceManage.cpp">
      <Filter>src</Filter>
    </ClCompile>
    <ClCompile Include="..\Classes\GameMain\chara\CharaBase.cpp">
      <Filter>src\GameMain\chara</Filter>
    </ClCompile>
    <ClCompile Include="..\Classes\RenderObject.cpp">
      <Filter>src</Filter>
    </ClCompile>
    <ClCompile Include="..\Classes\GameMain\item\equip_item\EquipItem.cpp">
      <Filter>src\GameMain\item\equip_item</Filter>
    </ClCompile>
    <ClCompile Include="..\Classes\GameMain\item\ItemBase.cpp">
      <Filter>src\GameMain\item</Filter>
    </ClCompile>
    <ClCompile Include="..\Classes\GameMain\chara\chara_seed\SeedBase.cpp">
      <Filter>src\GameMain\chara\chara_seed</Filter>
    </ClCompile>
    <ClCompile Include="..\Classes\GameMain\chara\abnormal_state\StateBase.cpp">
      <Filter>src\GameMain\chara\abnormal_state</Filter>
    </ClCompile>
    <ClCompile Include="..\Classes\GameMain\chara\abnormal_state\StateList.cpp">
      <Filter>src\GameMain\chara\abnormal_state</Filter>
    </ClCompile>
    <ClCompile Include="..\Classes\GameMain\chara\abnormal_state\default\Poison.cpp">
      <Filter>src\GameMain\chara\abnormal_state\default</Filter>
    </ClCompile>
    <ClCompile Include="..\Classes\GameMain\chara\abnormal_state\StateAuto.cpp">
      <Filter>src\GameMain\chara\abnormal_state</Filter>
    </ClCompile>
    <ClCompile Include="..\Classes\GameMain\item\use_item\UseItem.cpp">
      <Filter>src\GameMain\item\use_item</Filter>
    </ClCompile>
    <ClCompile Include="..\Classes\GameMain\item\use_item\HaveUseItemList.cpp">
      <Filter>src\GameMain\item\use_item</Filter>
    </ClCompile>
    <ClCompile Include="..\Classes\GameMain\item\equip_item\HaveEquipItemList.cpp">
      <Filter>src\GameMain\item\equip_item</Filter>
    </ClCompile>
    <ClCompile Include="..\Classes\GameMain\GameCamera.cpp">
      <Filter>src\GameMain</Filter>
    </ClCompile>
    <ClCompile Include="..\Classes\GameMain\shadow\ShadowObjectBase.cpp">
      <Filter>src\GameMain\shadow</Filter>
    </ClCompile>
    <ClCompile Include="..\Classes\GameMain\hit\HitCircle.cpp">
      <Filter>src\GameMain\hit</Filter>
    </ClCompile>
    <ClCompile Include="..\Classes\GameMain\skill\SkillBase.cpp">
      <Filter>src\GameMain\skill</Filter>
    </ClCompile>
    <ClCompile Include="..\Classes\GameMain\skill\SkillMove.cpp">
      <Filter>src\GameMain\skill</Filter>
    </ClCompile>
    <ClCompile Include="..\Classes\GameMain\skill\SkillAttackData.cpp">
      <Filter>src\GameMain\skill</Filter>
    </ClCompile>
    <ClCompile Include="..\Classes\GameMain\skill\SkillAttackGroup.cpp">
      <Filter>src\GameMain\skill</Filter>
    </ClCompile>
    <ClCompile Include="..\Classes\GameMain\magic\MagicBase.cpp">
      <Filter>src\GameMain\magic</Filter>
    </ClCompile>
    <ClCompile Include="..\Classes\GameMain\item\equip_item\weapon\WeaponBase.cpp">
      <Filter>src\GameMain\item\equip_item\weapon</Filter>
    </ClCompile>
    <ClCompile Include="..\Classes\GameMain\shadow\ShadowObjectList.cpp">
      <Filter>src\GameMain\shadow</Filter>
    </ClCompile>
    <ClCompile Include="..\Classes\GameMain\chara\CharaPlayer.cpp">
      <Filter>src\GameMain\chara</Filter>
    </ClCompile>
    <ClCompile Include="..\Classes\GameMain\chara\chara_seed\human\SeedHuman.cpp">
      <Filter>src\GameMain\chara\chara_seed\human</Filter>
    </ClCompile>
    <ClCompile Include="..\Classes\GameMain\chara\chara_seed\PartSetBase.cpp">
      <Filter>src\GameMain\chara\chara_seed</Filter>
    </ClCompile>
    <ClCompile Include="..\Classes\GameMain\chara\chara_seed\human\human_part\HumanTest.cpp">
      <Filter>src\GameMain\chara\chara_seed\human\human_part</Filter>
    </ClCompile>
    <ClCompile Include="..\Classes\GameMain\chara\chara_seed\PartBase.cpp">
      <Filter>src\GameMain\chara\chara_seed</Filter>
    </ClCompile>
    <ClCompile Include="..\Classes\GameMain\GameUi\PlayerCommentUI.cpp">
      <Filter>src\GameMain\GameUi</Filter>
    </ClCompile>
    <ClCompile Include="..\Classes\GameMain\skill\SkillList.cpp">
      <Filter>src\GameMain\skill</Filter>
    </ClCompile>
    <ClCompile Include="..\Classes\Input\Gamepad.cpp">
      <Filter>src\Input</Filter>
    </ClCompile>
    <ClCompile Include="..\Classes\Input\GamepadButton.cpp">
      <Filter>src\Input</Filter>
    </ClCompile>
    <ClCompile Include="..\Classes\GameMain\map\MapObjectBase.cpp">
      <Filter>src\GameMain\map</Filter>
    </ClCompile>
    <ClCompile Include="..\Classes\GameMain\hit\HitSquare.cpp">
      <Filter>src\GameMain\hit</Filter>
    </ClCompile>
    <ClCompile Include="..\Classes\GameMain\map\MapObjectList.cpp">
      <Filter>src\GameMain\map</Filter>
    </ClCompile>
    <ClCompile Include="..\Classes\GameMain\map\MapGroundBase.cpp">
      <Filter>src\GameMain\map</Filter>
    </ClCompile>
    <ClCompile Include="..\Classes\GameMain\map\MapGroundList.cpp">
      <Filter>src\GameMain\map</Filter>
    </ClCompile>
    <ClCompile Include="..\Classes\GameMain\map\MapBase.cpp">
      <Filter>src\GameMain\map</Filter>
    </ClCompile>
    <ClCompile Include="..\Classes\GameMain\map\RandomDungeon.cpp">
      <Filter>src\GameMain\map</Filter>
    </ClCompile>
    <ClCompile Include="..\Classes\GameMain\map\RandomDungeonRoom.cpp">
      <Filter>src\GameMain\map</Filter>
    </ClCompile>
    <ClCompile Include="..\Classes\GameMain\hit\HitCheck.cpp">
      <Filter>src\GameMain\hit</Filter>
    </ClCompile>
    <ClCompile Include="..\Classes\GameMain\skill\skill_type\SkillAttack.cpp">
      <Filter>src\GameMain\skill\skill_type</Filter>
    </ClCompile>
    <ClCompile Include="..\Classes\GameMain\skill\weapon_skill\no_weapon\NoWeaponDefault.cpp">
      <Filter>src\GameMain\skill\weapon_skill\no_weapon</Filter>
    </ClCompile>
    <ClCompile Include="..\Classes\GameMain\chara\chara_seed\test_puppet\SeedTestPuppet.cpp">
      <Filter>src\GameMain\chara\chara_seed\test_puppet</Filter>
    </ClCompile>
    <ClCompile Include="..\Classes\GameMain\chara\CharaNpc.cpp">
      <Filter>src\GameMain\chara</Filter>
    </ClCompile>
    <ClCompile Include="..\Classes\GameMain\GameUi\DefaultStateUI.cpp">
      <Filter>src\GameMain\GameUi</Filter>
    </ClCompile>
    <ClCompile Include="..\Classes\GameMain\GameUi\DefaultStateGauge.cpp">
      <Filter>src\GameMain\GameUi</Filter>
    </ClCompile>
    <ClCompile Include="..\Classes\GameMain\GameUi\PlayerComment.cpp">
      <Filter>src\GameMain\GameUi</Filter>
    </ClCompile>
    <ClCompile Include="..\Classes\GameMain\item\use_item\hp_heal\TestHpHeal.cpp">
      <Filter>src\GameMain\item\use_item\hp_heal</Filter>
    </ClCompile>
    <ClCompile Include="..\Classes\GameMain\skill\skill_type\SkillMyself.cpp">
      <Filter>src\GameMain\skill\skill_type</Filter>
    </ClCompile>
    <ClCompile Include="..\Classes\GameMain\skill\hp_heal\TestHeal.cpp">
      <Filter>src\GameMain\skill\hp_heal</Filter>
    </ClCompile>
    <ClCompile Include="..\Classes\GameMain\skill\skill_type\SkillMagic.cpp">
      <Filter>src\GameMain\skill\skill_type</Filter>
    </ClCompile>
    <ClCompile Include="..\Classes\GameMain\skill\SkillMagicSpell.cpp">
      <Filter>src\GameMain\skill</Filter>
    </ClCompile>
    <ClCompile Include="..\Classes\GameMain\skill\magic\magic_type\MagicShot.cpp">
      <Filter>src\GameMain\skill\magic\magic_type</Filter>
    </ClCompile>
    <ClCompile Include="..\Classes\GameMain\magic\normal\TestMagicShot.cpp">
      <Filter>src\GameMain\magic\normal</Filter>
    </ClCompile>
    <ClCompile Include="..\Classes\GameMain\item\equip_item\weapon\sword\WeaponSwordBase.cpp">
      <Filter>src\GameMain\item\equip_item\weapon\sword</Filter>
    </ClCompile>
    <ClCompile Include="..\Classes\GameMain\item\equip_item\weapon\sword\TestSword.cpp">
      <Filter>src\GameMain\item\equip_item\weapon\sword</Filter>
    </ClCompile>
    <ClCompile Include="..\Classes\GameMain\skill\weapon_skill\sword\SwordGale\SwordGale.cpp">
      <Filter>src\GameMain\skill\weapon_skill\sword\SwordGale</Filter>
    </ClCompile>
    <ClCompile Include="..\Classes\GameMain\skill\weapon_skill\OneHandBase.cpp">
      <Filter>src\GameMain\skill\weapon_skill</Filter>
    </ClCompile>
    <ClCompile Include="..\Classes\GameMain\skill\weapon_skill\sword\SkillSwordBase.cpp">
      <Filter>src\GameMain\skill\weapon_skill\sword</Filter>
    </ClCompile>
    <ClCompile Include="..\Classes\GameMain\map\mini_map\MiniMapBase.cpp">
      <Filter>src\GameMain\map\mini_map</Filter>
    </ClCompile>
    <ClCompile Include="..\Classes\GameMain\map\mini_map\MiniMapManager.cpp">
      <Filter>src\GameMain\map\mini_map</Filter>
    </ClCompile>
    <ClCompile Include="..\Classes\GameMain\map\map_ground_object\MapGroundObjectBase.cpp">
      <Filter>src\GameMain\map\map_ground_object</Filter>
    </ClCompile>
    <ClCompile Include="..\Classes\GameMain\map\map_ground_object\MapGroundObjectList.cpp">
      <Filter>src\GameMain\map\map_ground_object</Filter>
    </ClCompile>
    <ClCompile Include="..\Classes\GameMain\item\HaveItemListBase.cpp">
      <Filter>src\GameMain\item</Filter>
    </ClCompile>
    <ClCompile Include="..\Classes\GameMain\GameUi\ItemUi.cpp">
      <Filter>src\GameMain\GameUi</Filter>
    </ClCompile>
    <ClCompile Include="..\Classes\GameMain\GameUi\ItemUi\ObjItemList.cpp">
      <Filter>src\GameMain\GameUi\ItemUi</Filter>
    </ClCompile>
    <ClCompile Include="..\Classes\GameMain\item\equip_item\weapon\sheath\WeaponSheathBase.cpp">
      <Filter>src\GameMain\item\equip_item\weapon\sheath</Filter>
    </ClCompile>
    <ClCompile Include="..\Classes\GameMain\item\equip_item\weapon\sheath\TestSheath.cpp">
      <Filter>src\GameMain\item\equip_item\weapon\sheath</Filter>
    </ClCompile>
    <ClCompile Include="..\Classes\Input\GamepadControll.cpp">
      <Filter>src\Input</Filter>
    </ClCompile>
    <ClCompile Include="..\Classes\GameMain\magic\effect\slash\SlashUp1.cpp">
      <Filter>src\GameMain\magic\effect\slash</Filter>
    </ClCompile>
    <ClCompile Include="..\Classes\GameMain\magic\effect\EffectBase.cpp">
      <Filter>src\GameMain\magic\effect</Filter>
    </ClCompile>
    <ClCompile Include="..\Classes\GameMain\map\map_ground_object\MapGroundObjLoad.cpp">
      <Filter>src\GameMain\map\map_ground_object</Filter>
    </ClCompile>
    <ClCompile Include="..\Classes\GameMain\map\map_ground_object\map_bg_obj\MapMove.cpp">
      <Filter>src\GameMain\map\map_ground_object\map_bg_object</Filter>
    </ClCompile>
  </ItemGroup>
  <ItemGroup>
    <ClInclude Include="main.h">
      <Filter>win32</Filter>
    </ClInclude>
    <ClInclude Include="..\Classes\AppDelegate.h">
      <Filter>src</Filter>
    </ClInclude>
    <ClInclude Include="..\Classes\GameMain\GameMain.h">
      <Filter>src\GameMain</Filter>
    </ClInclude>
    <ClInclude Include="..\Classes\GameMain\GameUi\UiBase.h">
      <Filter>src\GameMain\GameUi</Filter>
    </ClInclude>
    <ClInclude Include="..\Classes\GameMain\GameUi\PlayUi.h">
      <Filter>src\GameMain\GameUi</Filter>
    </ClInclude>
    <ClInclude Include="..\Classes\ResourceManage.h">
      <Filter>src</Filter>
    </ClInclude>
    <ClInclude Include="..\Classes\GameMain\chara\CharaBase.h">
      <Filter>src\GameMain\chara</Filter>
    </ClInclude>
    <ClInclude Include="..\Classes\RenderObject.h">
      <Filter>src</Filter>
    </ClInclude>
    <ClInclude Include="..\Classes\GameMain\chara\mainStateType.h">
      <Filter>src\GameMain\chara</Filter>
    </ClInclude>
    <ClInclude Include="..\Classes\GameMain\chara\equipType.h">
      <Filter>src\GameMain\chara</Filter>
    </ClInclude>
    <ClInclude Include="..\Classes\GameMain\item\equip_item\EquipItem.h">
      <Filter>src\GameMain\item\equip_item</Filter>
    </ClInclude>
    <ClInclude Include="..\Classes\GameMain\item\ItemBase.h">
      <Filter>src\GameMain\item</Filter>
    </ClInclude>
    <ClInclude Include="..\Classes\GameMain\chara\abnormal_state\abnormalStateType.h">
      <Filter>src\GameMain\chara\abnormal_state</Filter>
    </ClInclude>
    <ClInclude Include="..\Classes\GameMain\chara\chara_seed\SeedBase.h">
      <Filter>src\GameMain\chara\chara_seed</Filter>
    </ClInclude>
    <ClInclude Include="..\Classes\GameMain\chara\charaGroupList.h">
      <Filter>src\GameMain\chara</Filter>
    </ClInclude>
    <ClInclude Include="..\Classes\GameMain\chara\abnormal_state\StateBase.h">
      <Filter>src\GameMain\chara\abnormal_state</Filter>
    </ClInclude>
    <ClInclude Include="..\Classes\GameMain\chara\abnormal_state\StateList.h">
      <Filter>src\GameMain\chara\abnormal_state</Filter>
    </ClInclude>
    <ClInclude Include="..\Classes\GameMain\chara\abnormal_state\default\Poison.h">
      <Filter>src\GameMain\chara\abnormal_state\default</Filter>
    </ClInclude>
    <ClInclude Include="..\Classes\GameMain\chara\abnormal_state\StateAuto.h">
      <Filter>src\GameMain\chara\abnormal_state</Filter>
    </ClInclude>
    <ClInclude Include="..\Classes\GameMain\chara\charaCommentType.h">
      <Filter>src\GameMain\chara</Filter>
    </ClInclude>
    <ClInclude Include="..\Classes\GameMain\chara\charaSexualType.h">
      <Filter>src\GameMain\chara</Filter>
    </ClInclude>
    <ClInclude Include="..\Classes\GameMain\item\equip_item\weapon\weaponType.h">
      <Filter>src\GameMain\item\equip_item\weapon</Filter>
    </ClInclude>
    <ClInclude Include="..\Classes\GameMain\item\use_item\useItemId.h">
      <Filter>src\GameMain\item\use_item</Filter>
    </ClInclude>
    <ClInclude Include="..\Classes\GameMain\item\use_item\UseItem.h">
      <Filter>src\GameMain\item\use_item</Filter>
    </ClInclude>
    <ClInclude Include="..\Classes\GameMain\item\use_item\HaveUseItemList.h">
      <Filter>src\GameMain\item\use_item</Filter>
    </ClInclude>
    <ClInclude Include="..\Classes\GameMain\item\equip_item\HaveEquipItemList.h">
      <Filter>src\GameMain\item\equip_item</Filter>
    </ClInclude>
    <ClInclude Include="..\Classes\GameMain\GameCamera.h">
      <Filter>src\GameMain</Filter>
    </ClInclude>
    <ClInclude Include="..\Classes\GameMain\shadow\ShadowObjectBase.h">
      <Filter>src\GameMain\shadow</Filter>
    </ClInclude>
    <ClInclude Include="..\Classes\GameMain\hit\HitCircle.h">
      <Filter>src\GameMain\hit</Filter>
    </ClInclude>
    <ClInclude Include="..\Classes\GameMain\skill\SkillBase.h">
      <Filter>src\GameMain\skill</Filter>
    </ClInclude>
    <ClInclude Include="..\Classes\GameMain\skill\SkillMove.h">
      <Filter>src\GameMain\skill</Filter>
    </ClInclude>
    <ClInclude Include="..\Classes\GameMain\skill\SkillAttackData.h">
      <Filter>src\GameMain\skill</Filter>
    </ClInclude>
    <ClInclude Include="..\Classes\GameMain\skill\SkillAttackGroup.h">
      <Filter>src\GameMain\skill</Filter>
    </ClInclude>
    <ClInclude Include="..\Classes\GameMain\magic\MagicBase.h">
      <Filter>src\GameMain\magic</Filter>
    </ClInclude>
    <ClInclude Include="..\Classes\GameMain\GAME_SETTING.h">
      <Filter>src\GameMain</Filter>
    </ClInclude>
    <ClInclude Include="..\Classes\GameMain\chara\charaSexualState.h">
      <Filter>src\GameMain\chara</Filter>
    </ClInclude>
    <ClInclude Include="..\Classes\GameMain\item\equip_item\weapon\WeaponBase.h">
      <Filter>src\GameMain\item\equip_item\weapon</Filter>
    </ClInclude>
    <ClInclude Include="..\Classes\GameMain\shadow\ShadowObjectList.h">
      <Filter>src\GameMain\shadow</Filter>
    </ClInclude>
    <ClInclude Include="..\Classes\GameMain\chara\CharaPlayer.h">
      <Filter>src\GameMain\chara</Filter>
    </ClInclude>
    <ClInclude Include="..\Classes\GameMain\chara\chara_seed\human\SeedHuman.h">
      <Filter>src\GameMain\chara\chara_seed\human</Filter>
    </ClInclude>
    <ClInclude Include="..\Classes\GameMain\chara\chara_seed\PartSetBase.h">
      <Filter>src\GameMain\chara\chara_seed</Filter>
    </ClInclude>
    <ClInclude Include="..\Classes\GameMain\chara\chara_seed\human\human_part\HumanTest.h">
      <Filter>src\GameMain\chara\chara_seed\human\human_part</Filter>
    </ClInclude>
    <ClInclude Include="..\Classes\GameMain\chara\chara_seed\PartBase.h">
      <Filter>src\GameMain\chara\chara_seed</Filter>
    </ClInclude>
    <ClInclude Include="..\Classes\GameMain\GameUi\PlayerCommentUI.h">
      <Filter>src\GameMain\GameUi</Filter>
    </ClInclude>
    <ClInclude Include="..\Classes\GameMain\skill\SkillList.h">
      <Filter>src\GameMain\skill</Filter>
    </ClInclude>
    <ClInclude Include="..\Classes\Input\Gamepad.h">
      <Filter>src\Input</Filter>
    </ClInclude>
    <ClInclude Include="..\Classes\Input\GamepadButton.h">
      <Filter>src\Input</Filter>
    </ClInclude>
    <ClInclude Include="..\Classes\GameMain\map\MapObjectBase.h">
      <Filter>src\GameMain\map</Filter>
    </ClInclude>
    <ClInclude Include="..\Classes\GameMain\hit\HitSquare.h">
      <Filter>src\GameMain\hit</Filter>
    </ClInclude>
    <ClInclude Include="..\Classes\GameMain\map\MapObjectList.h">
      <Filter>src\GameMain\map</Filter>
    </ClInclude>
    <ClInclude Include="..\Classes\GameMain\map\MapGroundBase.h">
      <Filter>src\GameMain\map</Filter>
    </ClInclude>
    <ClInclude Include="..\Classes\GameMain\map\MapGroundList.h">
      <Filter>src\GameMain\map</Filter>
    </ClInclude>
    <ClInclude Include="..\Classes\GameMain\map\MapBase.h">
      <Filter>src\GameMain\map</Filter>
    </ClInclude>
    <ClInclude Include="..\Classes\GameMain\map\RandomDungeon.h">
      <Filter>src\GameMain\map</Filter>
    </ClInclude>
    <ClInclude Include="..\Classes\GameMain\map\RandomDungeonSetting.h">
      <Filter>src\GameMain\map</Filter>
    </ClInclude>
    <ClInclude Include="..\Classes\Random.h">
      <Filter>src</Filter>
    </ClInclude>
    <ClInclude Include="..\Classes\GameMain\map\randomRoadType.h">
      <Filter>src\GameMain\map</Filter>
    </ClInclude>
    <ClInclude Include="..\Classes\GameMain\map\RandomDungeonRoom.h">
      <Filter>src\GameMain\map</Filter>
    </ClInclude>
    <ClInclude Include="..\Classes\GameMain\hit\HitCheck.h">
      <Filter>src\GameMain\hit</Filter>
    </ClInclude>
    <ClInclude Include="..\Classes\GameMain\skill\skill_type\SkillAttack.h">
      <Filter>src\GameMain\skill\skill_type</Filter>
    </ClInclude>
    <ClInclude Include="..\Classes\GameMain\skill\weapon_skill\no_weapon\NoWeaponDefault.h">
      <Filter>src\GameMain\skill\weapon_skill\no_weapon</Filter>
    </ClInclude>
    <ClInclude Include="..\Classes\GameMain\chara\chara_seed\test_puppet\SeedTestPuppet.h">
      <Filter>src\GameMain\chara\chara_seed\test_puppet</Filter>
    </ClInclude>
    <ClInclude Include="..\Classes\GameMain\chara\CharaNpc.h">
      <Filter>src\GameMain\chara</Filter>
    </ClInclude>
    <ClInclude Include="..\Classes\GameMain\GameUi\DefaultStateUI.h">
      <Filter>src\GameMain\GameUi</Filter>
    </ClInclude>
    <ClInclude Include="..\Classes\GameMain\GameUi\DefaultStateGauge.h">
      <Filter>src\GameMain\GameUi</Filter>
    </ClInclude>
    <ClInclude Include="..\Classes\GameMain\GameUi\PlayerComment.h">
      <Filter>src\GameMain\GameUi</Filter>
    </ClInclude>
    <ClInclude Include="..\Classes\GameMain\item\use_item\hp_heal\TestHpHeal.h">
      <Filter>src\GameMain\item\use_item\hp_heal</Filter>
    </ClInclude>
    <ClInclude Include="..\Classes\GameMain\skill\skill_type\SkillMyself.h">
      <Filter>src\GameMain\skill\skill_type</Filter>
    </ClInclude>
    <ClInclude Include="..\Classes\GameMain\skill\hp_heal\TestHeal.h">
      <Filter>src\GameMain\skill\hp_heal</Filter>
    </ClInclude>
    <ClInclude Include="..\Classes\GameMain\skill\skill_type\SkillMagic.h">
      <Filter>src\GameMain\skill\skill_type</Filter>
    </ClInclude>
    <ClInclude Include="..\Classes\GameMain\skill\SkillMagicSpell.h">
      <Filter>src\GameMain\skill</Filter>
    </ClInclude>
    <ClInclude Include="..\Classes\GameMain\skill\magic\normal\TestShot.h">
      <Filter>src\GameMain\skill\magic\normal</Filter>
    </ClInclude>
    <ClInclude Include="..\Classes\GameMain\skill\magic\magic_type\MagicShot.h">
      <Filter>src\GameMain\skill\magic\magic_type</Filter>
    </ClInclude>
    <ClInclude Include="..\Classes\GameMain\magic\normal\TestMagicShot.h">
      <Filter>src\GameMain\magic\normal</Filter>
    </ClInclude>
    <ClInclude Include="..\Classes\GameMain\item\equip_item\weapon\sword\WeaponSwordBase.h">
      <Filter>src\GameMain\item\equip_item\weapon\sword</Filter>
    </ClInclude>
    <ClInclude Include="..\Classes\GameMain\item\equip_item\weapon\sword\TestSword.h">
      <Filter>src\GameMain\item\equip_item\weapon\sword</Filter>
    </ClInclude>
    <ClInclude Include="..\Classes\GameMain\skill\weapon_skill\sword\SwordGale\SwordGale.h">
      <Filter>src\GameMain\skill\weapon_skill\sword\SwordGale</Filter>
    </ClInclude>
    <ClInclude Include="..\Classes\GameMain\skill\weapon_skill\OneHandBase.h">
      <Filter>src\GameMain\skill\weapon_skill</Filter>
    </ClInclude>
    <ClInclude Include="..\Classes\GameMain\skill\weapon_skill\sword\SkillSwordBase.h">
      <Filter>src\GameMain\skill\weapon_skill\sword</Filter>
    </ClInclude>
    <ClInclude Include="..\Classes\GameMain\map\mini_map\MiniMapBase.h">
      <Filter>src\GameMain\map\mini_map</Filter>
    </ClInclude>
    <ClInclude Include="..\Classes\GameMain\map\mini_map\MiniMapManager.h">
      <Filter>src\GameMain\map\mini_map</Filter>
    </ClInclude>
    <ClInclude Include="..\Classes\GameMain\map\mini_map\miniMapType.h">
      <Filter>src\GameMain\map\mini_map</Filter>
    </ClInclude>
    <ClInclude Include="..\Classes\GameMain\map\mini_map\test_map\TestMap.h">
      <Filter>src\GameMain\map\mini_map\test_map</Filter>
    </ClInclude>
    <ClInclude Include="..\Classes\GameMain\map\mapGroundType.h">
      <Filter>src\GameMain\map</Filter>
    </ClInclude>
    <ClInclude Include="..\Classes\GameMain\map\map_ground_object\MapGroundObjectBase.h">
      <Filter>src\GameMain\map\map_ground_object</Filter>
    </ClInclude>
    <ClInclude Include="..\Classes\GameMain\map\map_ground_object\MapGroundObjectList.h">
      <Filter>src\GameMain\map\map_ground_object</Filter>
    </ClInclude>
    <ClInclude Include="..\Classes\GameMain\item\haveItemType.h">
      <Filter>src\GameMain\item</Filter>
    </ClInclude>
    <ClInclude Include="..\Classes\GameMain\item\HaveItemListBase.h">
      <Filter>src\GameMain\item</Filter>
    </ClInclude>
    <ClInclude Include="..\Classes\GameMain\GameUi\ItemUi.h">
      <Filter>src\GameMain\GameUi</Filter>
    </ClInclude>
    <ClInclude Include="..\Classes\GameMain\GameUi\ItemUi\ObjItemList.h">
      <Filter>src\GameMain\GameUi\ItemUi</Filter>
    </ClInclude>
    <ClInclude Include="..\Classes\GameMain\item\equip_item\weapon\sheath\WeaponSheathBase.h">
      <Filter>src\GameMain\item\equip_item\weapon\sheath</Filter>
    </ClInclude>
    <ClInclude Include="..\Classes\GameMain\item\equip_item\weapon\sheath\TestSheath.h">
      <Filter>src\GameMain\item\equip_item\weapon\sheath</Filter>
    </ClInclude>
    <ClInclude Include="..\Classes\Input\GamepadControll.h">
      <Filter>src\Input</Filter>
    </ClInclude>
    <ClInclude Include="..\Classes\GameMain\magic\effect\slash\SlashUp1.h">
      <Filter>src\GameMain\magic\effect\slash</Filter>
    </ClInclude>
    <ClInclude Include="..\Classes\GameMain\magic\effect\EffectBase.h">
      <Filter>src\GameMain\magic\effect</Filter>
    </ClInclude>
    <ClInclude Include="..\Classes\GameMain\map\map_ground_object\MapGroundObjLoad.h">
      <Filter>src\GameMain\map\map_ground_object</Filter>
    </ClInclude>
    <ClInclude Include="..\Classes\GameMain\map\map_ground_object\map_bg_obj\MapMove.h">
      <Filter>src\GameMain\map\map_ground_object\map_bg_object</Filter>
    </ClInclude>
  </ItemGroup>
  <ItemGroup>
    <ResourceCompile Include="game.rc">
      <Filter>resource</Filter>
    </ResourceCompile>
  </ItemGroup>
</Project>