<?xml version="1.0" encoding="utf-8"?>
<Project ToolsVersion="4.0" xmlns="http://schemas.microsoft.com/developer/msbuild/2003">
  <ItemGroup>
    <Filter Include="win32">
      <UniqueIdentifier>{84a8ebd7-7cf0-47f6-b75e-d441df67da40}</UniqueIdentifier>
    </Filter>
    <Filter Include="resource">
      <UniqueIdentifier>{715254bc-d70b-4ec5-bf29-467dd3ace079}</UniqueIdentifier>
    </Filter>
    <Filter Include="src">
      <UniqueIdentifier>{bb6c862e-70e9-49d9-81b7-3829a6f50471}</UniqueIdentifier>
    </Filter>
    <Filter Include="src\GameBase">
      <UniqueIdentifier>{60a17e9a-6d89-474e-adda-2125ce397272}</UniqueIdentifier>
    </Filter>
    <Filter Include="src\GameMain">
      <UniqueIdentifier>{7f7dd015-112f-4ca8-966f-07cadfe48b78}</UniqueIdentifier>
    </Filter>
    <Filter Include="src\GameMain\GameUi">
      <UniqueIdentifier>{2ca2233a-5c5e-4f10-b042-9539c34fa703}</UniqueIdentifier>
    </Filter>
  </ItemGroup>
  <ItemGroup>
    <ClCompile Include="main.cpp">
      <Filter>win32</Filter>
    </ClCompile>
    <ClCompile Include="..\Classes\AppDelegate.cpp">
      <Filter>src</Filter>
    </ClCompile>
    <ClCompile Include="..\Classes\GameBase\GameBase.cpp">
      <Filter>src\GameBase</Filter>
    </ClCompile>
    <ClCompile Include="..\Classes\GameMain\GameMain.cpp">
      <Filter>src\GameMain</Filter>
    </ClCompile>
    <ClCompile Include="..\Classes\GameMain\GameUi\UiBase.cpp">
      <Filter>src\GameMain\GameUi</Filter>
    </ClCompile>
    <ClCompile Include="..\Classes\GameMain\GameUi\PlayUi.cpp">
      <Filter>src\GameMain\GameUi</Filter>
    </ClCompile>
  </ItemGroup>
  <ItemGroup>
    <ClInclude Include="main.h">
      <Filter>win32</Filter>
    </ClInclude>
    <ClInclude Include="..\Classes\AppDelegate.h">
      <Filter>src</Filter>
    </ClInclude>
    <ClInclude Include="..\Classes\GameBase\GameBase.h">
      <Filter>src\GameBase</Filter>
    </ClInclude>
    <ClInclude Include="..\Classes\GameMain\GameMain.h">
      <Filter>src\GameMain</Filter>
    </ClInclude>
    <ClInclude Include="..\Classes\GameMain\GameUi\UiBase.h">
      <Filter>src\GameMain\GameUi</Filter>
    </ClInclude>
    <ClInclude Include="..\Classes\GameMain\GameUi\PlayUi.h">
      <Filter>src\GameMain\GameUi</Filter>
    </ClInclude>
  </ItemGroup>
  <ItemGroup>
    <ResourceCompile Include="game.rc">
      <Filter>resource</Filter>
    </ResourceCompile>
  </ItemGroup>
</Project>